// !$*UTF8*$!
{
	archiveVersion = 1;
	classes = {
	};
	objectVersion = 46;
	objects = {

/* Begin PBXBuildFile section */
		37FDF8AB1F70E251006CFFDF /* AppDelegate.swift in Sources */ = {isa = PBXBuildFile; fileRef = 37FDF8AA1F70E251006CFFDF /* AppDelegate.swift */; };
		37FDF8AD1F70E251006CFFDF /* ViewController.swift in Sources */ = {isa = PBXBuildFile; fileRef = 37FDF8AC1F70E251006CFFDF /* ViewController.swift */; };
		37FDF8B01F70E251006CFFDF /* Main.storyboard in Resources */ = {isa = PBXBuildFile; fileRef = 37FDF8AE1F70E251006CFFDF /* Main.storyboard */; };
		37FDF8B21F70E251006CFFDF /* Assets.xcassets in Resources */ = {isa = PBXBuildFile; fileRef = 37FDF8B11F70E251006CFFDF /* Assets.xcassets */; };
		37FDF8B51F70E251006CFFDF /* LaunchScreen.storyboard in Resources */ = {isa = PBXBuildFile; fileRef = 37FDF8B31F70E251006CFFDF /* LaunchScreen.storyboard */; };
		37FDF8BD1F70F6B1006CFFDF /* number1.png in Resources */ = {isa = PBXBuildFile; fileRef = 37FDF8BC1F70F6B1006CFFDF /* number1.png */; };
/* End PBXBuildFile section */

/* Begin PBXFileReference section */
		37FDF8A71F70E251006CFFDF /* MyApp08.app */ = {isa = PBXFileReference; explicitFileType = wrapper.application; includeInIndex = 0; path = MyApp08.app; sourceTree = BUILT_PRODUCTS_DIR; };
		37FDF8AA1F70E251006CFFDF /* AppDelegate.swift */ = {isa = PBXFileReference; lastKnownFileType = sourcecode.swift; path = AppDelegate.swift; sourceTree = "<group>"; };
		37FDF8AC1F70E251006CFFDF /* ViewController.swift */ = {isa = PBXFileReference; lastKnownFileType = sourcecode.swift; path = ViewController.swift; sourceTree = "<group>"; };
		37FDF8AF1F70E251006CFFDF /* Base */ = {isa = PBXFileReference; lastKnownFileType = file.storyboard; name = Base; path = Base.lproj/Main.storyboard; sourceTree = "<group>"; };
		37FDF8B11F70E251006CFFDF /* Assets.xcassets */ = {isa = PBXFileReference; lastKnownFileType = folder.assetcatalog; path = Assets.xcassets; sourceTree = "<group>"; };
		37FDF8B41F70E251006CFFDF /* Base */ = {isa = PBXFileReference; lastKnownFileType = file.storyboard; name = Base; path = Base.lproj/LaunchScreen.storyboard; sourceTree = "<group>"; };
		37FDF8B61F70E251006CFFDF /* Info.plist */ = {isa = PBXFileReference; lastKnownFileType = text.plist.xml; path = Info.plist; sourceTree = "<group>"; };
		37FDF8BC1F70F6B1006CFFDF /* number1.png */ = {isa = PBXFileReference; lastKnownFileType = image.png; path = number1.png; sourceTree = "<group>"; };
/* End PBXFileReference section */

/* Begin PBXFrameworksBuildPhase section */
		37FDF8A41F70E251006CFFDF /* Frameworks */ = {
			isa = PBXFrameworksBuildPhase;
			buildActionMask = 2147483647;
			files = (
			);
			runOnlyForDeploymentPostprocessing = 0;
		};
/* End PBXFrameworksBuildPhase section */

/* Begin PBXGroup section */
		37FDF89E1F70E251006CFFDF = {
			isa = PBXGroup;
			children = (
				37FDF8A91F70E251006CFFDF /* MyApp08 */,
				37FDF8A81F70E251006CFFDF /* Products */,
			);
			sourceTree = "<group>";
		};
		37FDF8A81F70E251006CFFDF /* Products */ = {
			isa = PBXGroup;
			children = (
				37FDF8A71F70E251006CFFDF /* MyApp08.app */,
			);
			name = Products;
			sourceTree = "<group>";
		};
		37FDF8A91F70E251006CFFDF /* MyApp08 */ = {
			isa = PBXGroup;
			children = (
				37FDF8BC1F70F6B1006CFFDF /* number1.png */,
				37FDF8AA1F70E251006CFFDF /* AppDelegate.swift */,
				37FDF8AC1F70E251006CFFDF /* ViewController.swift */,
				37FDF8AE1F70E251006CFFDF /* Main.storyboard */,
				37FDF8B11F70E251006CFFDF /* Assets.xcassets */,
				37FDF8B31F70E251006CFFDF /* LaunchScreen.storyboard */,
				37FDF8B61F70E251006CFFDF /* Info.plist */,
			);
			path = MyApp08;
			sourceTree = "<group>";
		};
/* End PBXGroup section */

/* Begin PBXNativeTarget section */
		37FDF8A61F70E251006CFFDF /* MyApp08 */ = {
			isa = PBXNativeTarget;
			buildConfigurationList = 37FDF8B91F70E251006CFFDF /* Build configuration list for PBXNativeTarget "MyApp08" */;
			buildPhases = (
				37FDF8A31F70E251006CFFDF /* Sources */,
				37FDF8A41F70E251006CFFDF /* Frameworks */,
				37FDF8A51F70E251006CFFDF /* Resources */,
			);
			buildRules = (
			);
			dependencies = (
			);
			name = MyApp08;
			productName = MyApp08;
			productReference = 37FDF8A71F70E251006CFFDF /* MyApp08.app */;
			productType = "com.apple.product-type.application";
		};
/* End PBXNativeTarget section */

/* Begin PBXProject section */
		37FDF89F1F70E251006CFFDF /* Project object */ = {
			isa = PBXProject;
			attributes = {
				LastSwiftUpdateCheck = 0830;
				LastUpgradeCheck = 0830;
				ORGANIZATIONNAME = "Brad Big Company";
				TargetAttributes = {
					37FDF8A61F70E251006CFFDF = {
						CreatedOnToolsVersion = 8.3.3;
						DevelopmentTeam = 2345S78GFH;
						ProvisioningStyle = Automatic;
					};
				};
			};
			buildConfigurationList = 37FDF8A21F70E251006CFFDF /* Build configuration list for PBXProject "MyApp08" */;
			compatibilityVersion = "Xcode 3.2";
			developmentRegion = English;
			hasScannedForEncodings = 0;
			knownRegions = (
				en,
				Base,
			);
			mainGroup = 37FDF89E1F70E251006CFFDF;
			productRefGroup = 37FDF8A81F70E251006CFFDF /* Products */;
			projectDirPath = "";
			projectRoot = "";
			targets = (
				37FDF8A61F70E251006CFFDF /* MyApp08 */,
			);
		};
/* End PBXProject section */

/* Begin PBXResourcesBuildPhase section */
		37FDF8A51F70E251006CFFDF /* Resources */ = {
			isa = PBXResourcesBuildPhase;
			buildActionMask = 2147483647;
			files = (
				37FDF8BD1F70F6B1006CFFDF /* number1.png in Resources */,
				37FDF8B51F70E251006CFFDF /* LaunchScreen.storyboard in Resources */,
				37FDF8B21F70E251006CFFDF /* Assets.xcassets in Resources */,
				37FDF8B01F70E251006CFFDF /* Main.storyboard in Resources */,
			);
			runOnlyForDeploymentPostprocessing = 0;
		};
/* End PBXResourcesBuildPhase section */

/* Begin PBXSourcesBuildPhase section */
		37FDF8A31F70E251006CFFDF /* Sources */ = {
			isa = PBXSourcesBuildPhase;
			buildActionMask = 2147483647;
			files = (
				37FDF8AD1F70E251006CFFDF /* ViewController.swift in Sources */,
				37FDF8AB1F70E251006CFFDF /* AppDelegate.swift in Sources */,
			);
			runOnlyForDeploymentPostprocessing = 0;
		};
/* End PBXSourcesBuildPhase section */

/* Begin PBXVariantGroup section */
		37FDF8AE1F70E251006CFFDF /* Main.storyboard */ = {
			isa = PBXVariantGroup;
			children = (
				37FDF8AF1F70E251006CFFDF /* Base */,
			);
			name = Main.storyboard;
			sourceTree = "<group>";
		};
		37FDF8B31F70E251006CFFDF /* LaunchScreen.storyboard */ = {
			isa = PBXVariantGroup;
			children = (
				37FDF8B41F70E251006CFFDF /* Base */,
			);
			name = LaunchScreen.storyboard;
			sourceTree = "<group>";
		};
/* End PBXVariantGroup section */

/* Begin XCBuildConfiguration section */
		37FDF8B71F70E251006CFFDF /* Debug */ = {
			isa = XCBuildConfiguration;
			buildSettings = {
				ALWAYS_SEARCH_USER_PATHS = NO;
				CLANG_ANALYZER_NONNULL = YES;
				CLANG_ANALYZER_NUMBER_OBJECT_CONVERSION = YES_AGGRESSIVE;
				CLANG_CXX_LANGUAGE_STANDARD = "gnu++0x";
				CLANG_CXX_LIBRARY = "libc++";
				CLANG_ENABLE_MODULES = YES;
				CLANG_ENABLE_OBJC_ARC = YES;
				CLANG_WARN_BOOL_CONVERSION = YES;
				CLANG_WARN_CONSTANT_CONVERSION = YES;
				CLANG_WARN_DIRECT_OBJC_ISA_USAGE = YES_ERROR;
				CLANG_WARN_DOCUMENTATION_COMMENTS = YES;
				CLANG_WARN_EMPTY_BODY = YES;
				CLANG_WARN_ENUM_CONVERSION = YES;
				CLANG_WARN_INFINITE_RECURSION = YES;
				CLANG_WARN_INT_CONVERSION = YES;
				CLANG_WARN_OBJC_ROOT_CLASS = YES_ERROR;
				CLANG_WARN_SUSPICIOUS_MOVE = YES;
				CLANG_WARN_UNREACHABLE_CODE = YES;
				CLANG_WARN__DUPLICATE_METHOD_MATCH = YES;
				"CODE_SIGN_IDENTITY[sdk=iphoneos*]" = "iPhone Developer";
				COPY_PHASE_STRIP = NO;
				DEBUG_INFORMATION_FORMAT = dwarf;
				ENABLE_STRICT_OBJC_MSGSEND = YES;
				ENABLE_TESTABILITY = YES;
				GCC_C_LANGUAGE_STANDARD = gnu99;
				GCC_DYNAMIC_NO_PIC = NO;
				GCC_NO_COMMON_BLOCKS = YES;
				GCC_OPTIMIZATION_LEVEL = 0;
				GCC_PREPROCESSOR_DEFINITIONS = (
					"DEBUG=1",
					"$(inherited)",
				);
				GCC_WARN_64_TO_32_BIT_CONVERSION = YES;
				GCC_WARN_ABOUT_RETURN_TYPE = YES_ERROR;
				GCC_WARN_UNDECLARED_SELECTOR = YES;
				GCC_WARN_UNINITIALIZED_AUTOS = YES_AGGRESSIVE;
				GCC_WARN_UNUSED_FUNCTION = YES;
				GCC_WARN_UNUSED_VARIABLE = YES;
				IPHONEOS_DEPLOYMENT_TARGET = 10.3;
				MTL_ENABLE_DEBUG_INFO = YES;
				ONLY_ACTIVE_ARCH = YES;
				SDKROOT = iphoneos;
				SWIFT_ACTIVE_COMPILATION_CONDITIONS = DEBUG;
				SWIFT_OPTIMIZATION_LEVEL = "-Onone";
				TARGETED_DEVICE_FAMILY = "1,2";
			};
			name = Debug;
		};
		37FDF8B81F70E251006CFFDF /* Release */ = {
			isa = XCBuildConfiguration;
			buildSettings = {
				ALWAYS_SEARCH_USER_PATHS = NO;
				CLANG_ANALYZER_NONNULL = YES;
				CLANG_ANALYZER_NUMBER_OBJECT_CONVERSION = YES_AGGRESSIVE;
				CLANG_CXX_LANGUAGE_STANDARD = "gnu++0x";
				CLANG_CXX_LIBRARY = "libc++";
				CLANG_ENABLE_MODULES = YES;
				CLANG_ENABLE_OBJC_ARC = YES;
				CLANG_WARN_BOOL_CONVERSION = YES;
				CLANG_WARN_CONSTANT_CONVERSION = YES;
				CLANG_WARN_DIRECT_OBJC_ISA_USAGE = YES_ERROR;
				CLANG_WARN_DOCUMENTATION_COMMENTS = YES;
				CLANG_WARN_EMPTY_BODY = YES;
				CLANG_WARN_ENUM_CONVERSION = YES;
				CLANG_WARN_INFINITE_RECURSION = YES;
				CLANG_WARN_INT_CONVERSION = YES;
				CLANG_WARN_OBJC_ROOT_CLASS = YES_ERROR;
				CLANG_WARN_SUSPICIOUS_MOVE = YES;
				CLANG_WARN_UNREACHABLE_CODE = YES;
				CLANG_WARN__DUPLICATE_METHOD_MATCH = YES;
				"CODE_SIGN_IDENTITY[sdk=iphoneos*]" = "iPhone Developer";
				COPY_PHASE_STRIP = NO;
				DEBUG_INFORMATION_FORMAT = "dwarf-with-dsym";
				ENABLE_NS_ASSERTIONS = NO;
				ENABLE_STRICT_OBJC_MSGSEND = YES;
				GCC_C_LANGUAGE_STANDARD = gnu99;
				GCC_NO_COMMON_BLOCKS = YES;
				GCC_WARN_64_TO_32_BIT_CONVERSION = YES;
				GCC_WARN_ABOUT_RETURN_TYPE = YES_ERROR;
				GCC_WARN_UNDECLARED_SELECTOR = YES;
				GCC_WARN_UNINITIALIZED_AUTOS = YES_AGGRESSIVE;
				GCC_WARN_UNUSED_FUNCTION = YES;
				GCC_WARN_UNUSED_VARIABLE = YES;
				IPHONEOS_DEPLOYMENT_TARGET = 10.3;
				MTL_ENABLE_DEBUG_INFO = NO;
				SDKROOT = iphoneos;
				SWIFT_OPTIMIZATION_LEVEL = "-Owholemodule";
				TARGETED_DEVICE_FAMILY = "1,2";
				VALIDATE_PRODUCT = YES;
			};
			name = Release;
		};
		37FDF8BA1F70E251006CFFDF /* Debug */ = {
			isa = XCBuildConfiguration;
			buildSettings = {
				ASSETCATALOG_COMPILER_APPICON_NAME = AppIcon;
				DEVELOPMENT_TEAM = 2345S78GFH;
				INFOPLIST_FILE = MyApp08/Info.plist;
				LD_RUNPATH_SEARCH_PATHS = "$(inherited) @executable_path/Frameworks";
				PRODUCT_BUNDLE_IDENTIFIER = tw.org.iii.MyApp08;
				PRODUCT_NAME = "$(TARGET_NAME)";
				SWIFT_VERSION = 3.0;
			};
			name = Debug;
		};
		37FDF8BB1F70E251006CFFDF /* Release */ = {
			isa = XCBuildConfiguration;
			buildSettings = {
				ASSETCATALOG_COMPILER_APPICON_NAME = AppIcon;
				DEVELOPMENT_TEAM = 2345S78GFH;
				INFOPLIST_FILE = MyApp08/Info.plist;
				LD_RUNPATH_SEARCH_PATHS = "$(inherited) @executable_path/Frameworks";
				PRODUCT_BUNDLE_IDENTIFIER = tw.org.iii.MyApp08;
				PRODUCT_NAME = "$(TARGET_NAME)";
				SWIFT_VERSION = 3.0;
			};
			name = Release;
		};
/* End XCBuildConfiguration section */

/* Begin XCConfigurationList section */
		37FDF8A21F70E251006CFFDF /* Build configuration list for PBXProject "MyApp08" */ = {
			isa = XCConfigurationList;
			buildConfigurations = (
				37FDF8B71F70E251006CFFDF /* Debug */,
				37FDF8B81F70E251006CFFDF /* Release */,
			);
			defaultConfigurationIsVisible = 0;
			defaultConfigurationName = Release;
		};
		37FDF8B91F70E251006CFFDF /* Build configuration list for PBXNativeTarget "MyApp08" */ = {
			isa = XCConfigurationList;
			buildConfigurations = (
				37FDF8BA1F70E251006CFFDF /* Debug */,
				37FDF8BB1F70E251006CFFDF /* Release */,
			);
			defaultConfigurationIsVisible = 0;
		};
/* End XCConfigurationList section */
	};
	rootObject = 37FDF89F1F70E251006CFFDF /* Project object */;
}
